
Microsoft Visual Studio Solution File, Format Version 12.00
# Visual Studio Version 17
VisualStudioVersion = 17.4.33205.214
MinimumVisualStudioVersion = 10.0.40219.1
Project("{9A19103F-16F7-4668-BE54-9A1E7A4F7556}") = "Business", "Business\Business.csproj", "{79A79017-DA73-4312-8776-33CCC1C50BD3}"
EndProject
Project("{9A19103F-16F7-4668-BE54-9A1E7A4F7556}") = "DataAccess", "DataAccess\DataAccess.csproj", "{B0EC9E01-8070-4620-A17D-80786B5ED0C4}"
EndProject
Project("{9A19103F-16F7-4668-BE54-9A1E7A4F7556}") = "Entities", "Entities\Entities.csproj", "{12CFB6DF-0CAA-4E94-AD71-98736E611998}"
EndProject
Project("{9A19103F-16F7-4668-BE54-9A1E7A4F7556}") = "Core", "Core\Core.csproj", "{D7D8F641-43BF-4E23-84C4-5E1DADB7497A}"
EndProject
Project("{9A19103F-16F7-4668-BE54-9A1E7A4F7556}") = "WebAPI", "WebAPI\WebAPI.csproj", "{C1FC3CE9-F41E-4654-9548-8679B0EE1D2A}"
	ProjectSection(ProjectDependencies) = postProject
		{12CFB6DF-0CAA-4E94-AD71-98736E611998} = {12CFB6DF-0CAA-4E94-AD71-98736E611998}
		{79A79017-DA73-4312-8776-33CCC1C50BD3} = {79A79017-DA73-4312-8776-33CCC1C50BD3}
		{B0EC9E01-8070-4620-A17D-80786B5ED0C4} = {B0EC9E01-8070-4620-A17D-80786B5ED0C4}
		{D7D8F641-43BF-4E23-84C4-5E1DADB7497A} = {D7D8F641-43BF-4E23-84C4-5E1DADB7497A}
	EndProjectSection
EndProject
Global
	GlobalSection(SolutionConfigurationPlatforms) = preSolution
		Debug|Any CPU = Debug|Any CPU
		Release|Any CPU = Release|Any CPU
	EndGlobalSection
	GlobalSection(ProjectConfigurationPlatforms) = postSolution
		{79A79017-DA73-4312-8776-33CCC1C50BD3}.Debug|Any CPU.ActiveCfg = Debug|Any CPU
		{79A79017-DA73-4312-8776-33CCC1C50BD3}.Debug|Any CPU.Build.0 = Debug|Any CPU
		{79A79017-DA73-4312-8776-33CCC1C50BD3}.Release|Any CPU.ActiveCfg = Release|Any CPU
		{79A79017-DA73-4312-8776-33CCC1C50BD3}.Release|Any CPU.Build.0 = Release|Any CPU
		{B0EC9E01-8070-4620-A17D-80786B5ED0C4}.Debug|Any CPU.ActiveCfg = Debug|Any CPU
		{B0EC9E01-8070-4620-A17D-80786B5ED0C4}.Debug|Any CPU.Build.0 = Debug|Any CPU
		{B0EC9E01-8070-4620-A17D-80786B5ED0C4}.Release|Any CPU.ActiveCfg = Release|Any CPU
		{B0EC9E01-8070-4620-A17D-80786B5ED0C4}.Release|Any CPU.Build.0 = Release|Any CPU
		{12CFB6DF-0CAA-4E94-AD71-98736E611998}.Debug|Any CPU.ActiveCfg = Debug|Any CPU
		{12CFB6DF-0CAA-4E94-AD71-98736E611998}.Debug|Any CPU.Build.0 = Debug|Any CPU
		{12CFB6DF-0CAA-4E94-AD71-98736E611998}.Release|Any CPU.ActiveCfg = Release|Any CPU
		{12CFB6DF-0CAA-4E94-AD71-98736E611998}.Release|Any CPU.Build.0 = Release|Any CPU
		{D7D8F641-43BF-4E23-84C4-5E1DADB7497A}.Debug|Any CPU.ActiveCfg = Debug|Any CPU
		{D7D8F641-43BF-4E23-84C4-5E1DADB7497A}.Debug|Any CPU.Build.0 = Debug|Any CPU
		{D7D8F641-43BF-4E23-84C4-5E1DADB7497A}.Release|Any CPU.ActiveCfg = Release|Any CPU
		{D7D8F641-43BF-4E23-84C4-5E1DADB7497A}.Release|Any CPU.Build.0 = Release|Any CPU
		{C1FC3CE9-F41E-4654-9548-8679B0EE1D2A}.Debug|Any CPU.ActiveCfg = Debug|Any CPU
		{C1FC3CE9-F41E-4654-9548-8679B0EE1D2A}.Debug|Any CPU.Build.0 = Debug|Any CPU
		{C1FC3CE9-F41E-4654-9548-8679B0EE1D2A}.Release|Any CPU.ActiveCfg = Release|Any CPU
		{C1FC3CE9-F41E-4654-9548-8679B0EE1D2A}.Release|Any CPU.Build.0 = Release|Any CPU
	EndGlobalSection
	GlobalSection(SolutionProperties) = preSolution
		HideSolutionNode = FALSE
	EndGlobalSection
	GlobalSection(ExtensibilityGlobals) = postSolution
		SolutionGuid = {04D135CD-236E-4344-B0EB-F28371EC6F02}
	EndGlobalSection
EndGlobal
